
Microsoft Visual Studio Solution File, Format Version 12.00
# Visual Studio Version 17
VisualStudioVersion = 17.8.34316.72
MinimumVisualStudioVersion = 10.0.40219.1
Project("{9A19103F-16F7-4668-BE54-9A1E7A4F7556}") = "PizzaAutomat", "PizzaAutomat\PizzaAutomat.csproj", "{FA694864-96C1-4410-936B-CFF78EE8E052}"
EndProject
Project("{2150E333-8FDC-42A3-9474-1A3956D46DE8}") = "Solution Items", "Solution Items", "{E178BE80-69E1-469D-980B-847906E19B2C}"
	ProjectSection(SolutionItems) = preProject
		pizzy.json = pizzy.json
	EndProjectSection
EndProject
Global
	GlobalSection(SolutionConfigurationPlatforms) = preSolution
		Debug|Any CPU = Debug|Any CPU
		Release|Any CPU = Release|Any CPU
	EndGlobalSection
	GlobalSection(ProjectConfigurationPlatforms) = postSolution
		{FA694864-96C1-4410-936B-CFF78EE8E052}.Debug|Any CPU.ActiveCfg = Debug|Any CPU
		{FA694864-96C1-4410-936B-CFF78EE8E052}.Debug|Any CPU.Build.0 = Debug|Any CPU
		{FA694864-96C1-4410-936B-CFF78EE8E052}.Release|Any CPU.ActiveCfg = Release|Any CPU
		{FA694864-96C1-4410-936B-CFF78EE8E052}.Release|Any CPU.Build.0 = Release|Any CPU
	EndGlobalSection
	GlobalSection(SolutionProperties) = preSolution
		HideSolutionNode = FALSE
	EndGlobalSection
	GlobalSection(ExtensibilityGlobals) = postSolution
		SolutionGuid = {9C98E1C4-0E7D-4FAA-AC4B-02D2A1B533C5}
	EndGlobalSection
EndGlobal
